
Microsoft Visual Studio Solution File, Format Version 12.00
# Visual Studio Version 17
VisualStudioVersion = 17.0.31919.166
MinimumVisualStudioVersion = 10.0.40219.1
Project("{FAE04EC0-301F-11D3-BF4B-00C04F79EFBC}") = "ConsumerForRabbitMQ", "ConsumerForRabbitMQ.csproj", "{17AE3939-2362-46A5-AF3A-93C658B38D05}"
EndProject
Global
	GlobalSection(SolutionConfigurationPlatforms) = preSolution
		Debug|Any CPU = Debug|Any CPU
		Release|Any CPU = Release|Any CPU
	EndGlobalSection
	GlobalSection(ProjectConfigurationPlatforms) = postSolution
		{17AE3939-2362-46A5-AF3A-93C658B38D05}.Debug|Any CPU.ActiveCfg = Debug|Any CPU
		{17AE3939-2362-46A5-AF3A-93C658B38D05}.Debug|Any CPU.Build.0 = Debug|Any CPU
		{17AE3939-2362-46A5-AF3A-93C658B38D05}.Release|Any CPU.ActiveCfg = Release|Any CPU
		{17AE3939-2362-46A5-AF3A-93C658B38D05}.Release|Any CPU.Build.0 = Release|Any CPU
	EndGlobalSection
	GlobalSection(SolutionProperties) = preSolution
		HideSolutionNode = FALSE
	EndGlobalSection
	GlobalSection(ExtensibilityGlobals) = postSolution
		SolutionGuid = {4796D31B-B12E-493D-8F60-78E0FE11A467}
	EndGlobalSection
EndGlobal
